
Microsoft Visual Studio Solution File, Format Version 12.00
# Visual Studio Version 17
VisualStudioVersion = 17.2.32616.157
MinimumVisualStudioVersion = 10.0.40219.1
Project("{FAE04EC0-301F-11D3-BF4B-00C04F79EFBC}") = "AppMvcBasica", "AppMvcBasica.csproj", "{AD2930DB-6591-4F02-AE8E-365A11C4612B}"
EndProject
Global
	GlobalSection(SolutionConfigurationPlatforms) = preSolution
		Debug|Any CPU = Debug|Any CPU
		Release|Any CPU = Release|Any CPU
	EndGlobalSection
	GlobalSection(ProjectConfigurationPlatforms) = postSolution
		{AD2930DB-6591-4F02-AE8E-365A11C4612B}.Debug|Any CPU.ActiveCfg = Debug|Any CPU
		{AD2930DB-6591-4F02-AE8E-365A11C4612B}.Debug|Any CPU.Build.0 = Debug|Any CPU
		{AD2930DB-6591-4F02-AE8E-365A11C4612B}.Release|Any CPU.ActiveCfg = Release|Any CPU
		{AD2930DB-6591-4F02-AE8E-365A11C4612B}.Release|Any CPU.Build.0 = Release|Any CPU
	EndGlobalSection
	GlobalSection(SolutionProperties) = preSolution
		HideSolutionNode = FALSE
	EndGlobalSection
	GlobalSection(ExtensibilityGlobals) = postSolution
		SolutionGuid = {E6D41BEB-43EA-4487-9236-AE4F443B9D1B}
	EndGlobalSection
EndGlobal
